<?xml version="1.0" encoding="utf-8"?>
<Project ToolsVersion="4.0" xmlns="http://schemas.microsoft.com/developer/msbuild/2003">
  <ItemGroup>
    <Filter Include="源文件">
      <UniqueIdentifier>{4FC737F1-C7A5-4376-A066-2A32D752A2FF}</UniqueIdentifier>
      <Extensions>cpp;c;cc;cxx;def;odl;idl;hpj;bat;asm;asmx</Extensions>
    </Filter>
    <Filter Include="头文件">
      <UniqueIdentifier>{93995380-89BD-4b04-88EB-625FBE52EBFB}</UniqueIdentifier>
      <Extensions>h;hpp;hxx;hm;inl;inc;xsd</Extensions>
    </Filter>
    <Filter Include="资源文件">
      <UniqueIdentifier>{67DA6AB6-F800-4c08-8B7A-83BB121AAD01}</UniqueIdentifier>
      <Extensions>rc;ico;cur;bmp;dlg;rc2;rct;bin;rgs;gif;jpg;jpeg;jpe;resx;tiff;tif;png;wav;mfcribbon-ms</Extensions>
    </Filter>
  </ItemGroup>
  <ItemGroup>
    <None Include="ReadMe.txt" />
    <None Include="res\Calibration.rc2">
      <Filter>资源文件</Filter>
    </None>
    <None Include="res\Calibration.ico">
      <Filter>资源文件</Filter>
    </None>
    <None Include="res\arrow_m.cur">
      <Filter>资源文件</Filter>
    </None>
    <None Include="res\up.png">
      <Filter>资源文件</Filter>
    </None>
    <None Include="res\up.bmp">
      <Filter>资源文件</Filter>
    </None>
    <None Include="res\up.ico">
      <Filter>资源文件</Filter>
    </None>
    <None Include="res\down.ico">
      <Filter>资源文件</Filter>
    </None>
    <None Include="res\left.ico">
      <Filter>资源文件</Filter>
    </None>
    <None Include="res\right.ico">
      <Filter>资源文件</Filter>
    </None>
    <None Include="res\Init.bmp">
      <Filter>资源文件</Filter>
    </None>
    <None Include="res\bitmap1.bmp">
      <Filter>资源文件</Filter>
    </None>
    <None Include="res\case1.bmp">
      <Filter>资源文件</Filter>
    </None>
    <None Include="res\case2.bmp">
      <Filter>资源文件</Filter>
    </None>
    <None Include="res\case3.bmp">
      <Filter>资源文件</Filter>
    </None>
    <None Include="res\case4.bmp">
      <Filter>资源文件</Filter>
    </None>
    <None Include="res\case5.bmp">
      <Filter>资源文件</Filter>
    </None>
    <None Include="res\case6.bmp">
      <Filter>资源文件</Filter>
    </None>
    <None Include="res\case7.bmp">
      <Filter>资源文件</Filter>
    </None>
    <None Include="res\grab.cur">
      <Filter>资源文件</Filter>
    </None>
    <None Include="res\Tree.BMP">
      <Filter>资源文件</Filter>
    </None>
  </ItemGroup>
  <ItemGroup>
    <ClInclude Include="Calibration.h">
      <Filter>头文件</Filter>
    </ClInclude>
    <ClInclude Include="CalibrationDlg.h">
      <Filter>头文件</Filter>
    </ClInclude>
    <ClInclude Include="stdafx.h">
      <Filter>头文件</Filter>
    </ClInclude>
    <ClInclude Include="targetver.h">
      <Filter>头文件</Filter>
    </ClInclude>
    <ClInclude Include="Resource.h">
      <Filter>头文件</Filter>
    </ClInclude>
    <ClInclude Include="DlgTemplate.h">
      <Filter>头文件</Filter>
    </ClInclude>
    <ClInclude Include="CvvImage.h">
      <Filter>头文件</Filter>
    </ClInclude>
    <ClInclude Include="BtnST.h">
      <Filter>头文件</Filter>
    </ClInclude>
    <ClInclude Include="BCMenu.h">
      <Filter>头文件</Filter>
    </ClInclude>
    <ClInclude Include="Splash.h">
      <Filter>头文件</Filter>
    </ClInclude>
    <ClInclude Include="DlgRobotSet.h">
      <Filter>头文件</Filter>
    </ClInclude>
    <ClInclude Include="DlgPMSet.h">
      <Filter>头文件</Filter>
    </ClInclude>
    <ClInclude Include="DlgTriggerSet.h">
      <Filter>头文件</Filter>
    </ClInclude>
    <ClInclude Include="DlgPreview.h">
      <Filter>头文件</Filter>
    </ClInclude>
    <ClInclude Include="Redirect.h">
      <Filter>头文件</Filter>
    </ClInclude>
    <ClInclude Include="XTreeCtrl.h">
      <Filter>头文件</Filter>
    </ClInclude>
    <ClInclude Include="DlgInitSetting.h">
      <Filter>头文件</Filter>
    </ClInclude>
    <ClInclude Include="DlgIconDrag.h">
      <Filter>头文件</Filter>
    </ClInclude>
    <ClInclude Include="DlgModulePM.h">
      <Filter>头文件</Filter>
    </ClInclude>
    <ClInclude Include="DlgFingerMove.h">
      <Filter>头文件</Filter>
    </ClInclude>
    <ClInclude Include="DlgTriggerMode.h">
      <Filter>头文件</Filter>
    </ClInclude>
    <ClInclude Include="RichEditEx.h">
      <Filter>头文件</Filter>
    </ClInclude>
    <ClInclude Include="DlgNewCase.h">
      <Filter>头文件</Filter>
    </ClInclude>
    <ClInclude Include="DlgRotate.h">
      <Filter>头文件</Filter>
    </ClInclude>
    <ClInclude Include="DlgCircleTimes.h">
      <Filter>头文件</Filter>
    </ClInclude>
    <ClInclude Include="DlgTimeDelay.h">
      <Filter>头文件</Filter>
    </ClInclude>
    <ClInclude Include="DlgInsertModule.h">
      <Filter>头文件</Filter>
    </ClInclude>
  </ItemGroup>
  <ItemGroup>
    <ClCompile Include="Calibration.cpp">
      <Filter>源文件</Filter>
    </ClCompile>
    <ClCompile Include="CalibrationDlg.cpp">
      <Filter>源文件</Filter>
    </ClCompile>
    <ClCompile Include="stdafx.cpp">
      <Filter>源文件</Filter>
    </ClCompile>
    <ClCompile Include="DlgTemplate.cpp">
      <Filter>源文件</Filter>
    </ClCompile>
    <ClCompile Include="CvvImage.cpp">
      <Filter>源文件</Filter>
    </ClCompile>
    <ClCompile Include="BtnST.cpp">
      <Filter>源文件</Filter>
    </ClCompile>
    <ClCompile Include="BCMenu.cpp">
      <Filter>源文件</Filter>
    </ClCompile>
    <ClCompile Include="Splash.cpp">
      <Filter>源文件</Filter>
    </ClCompile>
    <ClCompile Include="DlgRobotSet.cpp">
      <Filter>源文件</Filter>
    </ClCompile>
    <ClCompile Include="DlgPMSet.cpp">
      <Filter>源文件</Filter>
    </ClCompile>
    <ClCompile Include="DlgTriggerSet.cpp">
      <Filter>源文件</Filter>
    </ClCompile>
    <ClCompile Include="DlgPreview.cpp">
      <Filter>源文件</Filter>
    </ClCompile>
    <ClCompile Include="Redirect.cpp">
      <Filter>源文件</Filter>
    </ClCompile>
    <ClCompile Include="XTreeCtrl.cpp">
      <Filter>源文件</Filter>
    </ClCompile>
    <ClCompile Include="DlgInitSetting.cpp">
      <Filter>源文件</Filter>
    </ClCompile>
    <ClCompile Include="DlgIconDrag.cpp">
      <Filter>源文件</Filter>
    </ClCompile>
    <ClCompile Include="DlgModulePM.cpp">
      <Filter>源文件</Filter>
    </ClCompile>
    <ClCompile Include="DlgFingerMove.cpp">
      <Filter>源文件</Filter>
    </ClCompile>
    <ClCompile Include="DlgTriggerMode.cpp">
      <Filter>源文件</Filter>
    </ClCompile>
    <ClCompile Include="RichEditEx.cpp">
      <Filter>源文件</Filter>
    </ClCompile>
    <ClCompile Include="DlgNewCase.cpp">
      <Filter>源文件</Filter>
    </ClCompile>
    <ClCompile Include="DlgRotate.cpp">
      <Filter>源文件</Filter>
    </ClCompile>
    <ClCompile Include="DlgCircleTimes.cpp">
      <Filter>源文件</Filter>
    </ClCompile>
    <ClCompile Include="DlgTimeDelay.cpp">
      <Filter>源文件</Filter>
    </ClCompile>
    <ClCompile Include="DlgInsertModule.cpp">
      <Filter>源文件</Filter>
    </ClCompile>
  </ItemGroup>
  <ItemGroup>
    <ResourceCompile Include="Calibration.rc">
      <Filter>资源文件</Filter>
    </ResourceCompile>
  </ItemGroup>
</Project>