
Microsoft Visual Studio Solution File, Format Version 11.00
# Visual Studio 2010
Project("{8BC9CEB8-8B4A-11D0-8D11-00A0C91BC942}") = "ImgProcess", "ImgProcess\ImgProcess.vcxproj", "{2E7C35A5-DEAE-4C83-9C23-622648E77BCB}"
EndProject
Project("{8BC9CEB8-8B4A-11D0-8D11-00A0C91BC942}") = "test", "test\test.vcxproj", "{0F450DB8-515C-4657-B5E5-D328AE612E8E}"
EndProject
Global
	GlobalSection(SolutionConfigurationPlatforms) = preSolution
		Debug|Win32 = Debug|Win32
		Release|Win32 = Release|Win32
	EndGlobalSection
	GlobalSection(ProjectConfigurationPlatforms) = postSolution
		{2E7C35A5-DEAE-4C83-9C23-622648E77BCB}.Debug|Win32.ActiveCfg = Debug|Win32
		{2E7C35A5-DEAE-4C83-9C23-622648E77BCB}.Debug|Win32.Build.0 = Debug|Win32
		{2E7C35A5-DEAE-4C83-9C23-622648E77BCB}.Release|Win32.ActiveCfg = Release|Win32
		{2E7C35A5-DEAE-4C83-9C23-622648E77BCB}.Release|Win32.Build.0 = Release|Win32
		{0F450DB8-515C-4657-B5E5-D328AE612E8E}.Debug|Win32.ActiveCfg = Debug|Win32
		{0F450DB8-515C-4657-B5E5-D328AE612E8E}.Debug|Win32.Build.0 = Debug|Win32
		{0F450DB8-515C-4657-B5E5-D328AE612E8E}.Release|Win32.ActiveCfg = Release|Win32
		{0F450DB8-515C-4657-B5E5-D328AE612E8E}.Release|Win32.Build.0 = Release|Win32
	EndGlobalSection
	GlobalSection(SolutionProperties) = preSolution
		HideSolutionNode = FALSE
	EndGlobalSection
EndGlobal
