<?xml version="1.0" encoding="utf-8"?>
<Project ToolsVersion="4.0" xmlns="http://schemas.microsoft.com/developer/msbuild/2003">
  <ItemGroup>
    <Filter Include="Source Files">
      <UniqueIdentifier>{4FC737F1-C7A5-4376-A066-2A32D752A2FF}</UniqueIdentifier>
      <Extensions>cpp;c;cc;cxx;def;odl;idl;hpj;bat;asm;asmx</Extensions>
    </Filter>
    <Filter Include="Header Files">
      <UniqueIdentifier>{93995380-89BD-4b04-88EB-625FBE52EBFB}</UniqueIdentifier>
      <Extensions>h;hpp;hxx;hm;inl;inc;xsd</Extensions>
    </Filter>
    <Filter Include="Resource Files">
      <UniqueIdentifier>{67DA6AB6-F800-4c08-8B7A-83BB121AAD01}</UniqueIdentifier>
      <Extensions>rc;ico;cur;bmp;dlg;rc2;rct;bin;rgs;gif;jpg;jpeg;jpe;resx;tiff;tif;png;wav;mfcribbon-ms</Extensions>
    </Filter>
  </ItemGroup>
  <ItemGroup>
    <None Include="ReadMe.txt" />
    <None Include="res\ImgProcess.rc2">
      <Filter>Resource Files</Filter>
    </None>
    <None Include="res\ImgProcess.ico">
      <Filter>Resource Files</Filter>
    </None>
    <None Include="C:\Users\ZWW\Desktop\circle.png">
      <Filter>Resource Files</Filter>
    </None>
    <None Include="res\circle.png">
      <Filter>Resource Files</Filter>
    </None>
    <None Include="res\cursor1.cur">
      <Filter>Resource Files</Filter>
    </None>
    <None Include="res\Project2.cur">
      <Filter>Resource Files</Filter>
    </None>
    <None Include="res\circle.cur">
      <Filter>Resource Files</Filter>
    </None>
  </ItemGroup>
  <ItemGroup>
    <ClInclude Include="ImgProcess.h">
      <Filter>Header Files</Filter>
    </ClInclude>
    <ClInclude Include="ImgProcessDlg.h">
      <Filter>Header Files</Filter>
    </ClInclude>
    <ClInclude Include="stdafx.h">
      <Filter>Header Files</Filter>
    </ClInclude>
    <ClInclude Include="targetver.h">
      <Filter>Header Files</Filter>
    </ClInclude>
    <ClInclude Include="Resource.h">
      <Filter>Header Files</Filter>
    </ClInclude>
    <ClInclude Include="CvvImage.h">
      <Filter>Header Files</Filter>
    </ClInclude>
    <ClInclude Include="DlgBinaryParam.h">
      <Filter>Header Files</Filter>
    </ClInclude>
    <ClInclude Include="DlgCannySobel.h">
      <Filter>Header Files</Filter>
    </ClInclude>
    <ClInclude Include="Redirect.h">
      <Filter>Header Files</Filter>
    </ClInclude>
    <ClInclude Include="DlgVectorize.h">
      <Filter>Header Files</Filter>
    </ClInclude>
    <ClInclude Include="drawVector.h">
      <Filter>Header Files</Filter>
    </ClInclude>
    <ClInclude Include="sharedmatting.h">
      <Filter>Header Files</Filter>
    </ClInclude>
    <ClInclude Include="DlgSharedMatting.h">
      <Filter>Header Files</Filter>
    </ClInclude>
    <ClInclude Include="RegionGrowth.h">
      <Filter>Header Files</Filter>
    </ClInclude>
    <ClInclude Include="DlgGrowth.h">
      <Filter>Header Files</Filter>
    </ClInclude>
    <ClInclude Include="Filter.h">
      <Filter>Header Files</Filter>
    </ClInclude>
    <ClInclude Include="Detect.h">
      <Filter>Header Files</Filter>
    </ClInclude>
  </ItemGroup>
  <ItemGroup>
    <ClCompile Include="ImgProcess.cpp">
      <Filter>Source Files</Filter>
    </ClCompile>
    <ClCompile Include="ImgProcessDlg.cpp">
      <Filter>Source Files</Filter>
    </ClCompile>
    <ClCompile Include="stdafx.cpp">
      <Filter>Source Files</Filter>
    </ClCompile>
    <ClCompile Include="CvvImage.cpp">
      <Filter>Source Files</Filter>
    </ClCompile>
    <ClCompile Include="DlgBinaryParam.cpp">
      <Filter>Source Files</Filter>
    </ClCompile>
    <ClCompile Include="OpenCVEx.cpp">
      <Filter>Source Files</Filter>
    </ClCompile>
    <ClCompile Include="DlgCannySobel.cpp">
      <Filter>Source Files</Filter>
    </ClCompile>
    <ClCompile Include="Redirect.cpp">
      <Filter>Source Files</Filter>
    </ClCompile>
    <ClCompile Include="DlgVectorize.cpp">
      <Filter>Source Files</Filter>
    </ClCompile>
    <ClCompile Include="drawVector.cpp">
      <Filter>Source Files</Filter>
    </ClCompile>
    <ClCompile Include="sharedmatting.cpp">
      <Filter>Source Files</Filter>
    </ClCompile>
    <ClCompile Include="DlgSharedMatting.cpp">
      <Filter>Source Files</Filter>
    </ClCompile>
    <ClCompile Include="RegionGrowth.cpp">
      <Filter>Source Files</Filter>
    </ClCompile>
    <ClCompile Include="DlgGrowth.cpp">
      <Filter>Source Files</Filter>
    </ClCompile>
    <ClCompile Include="Filter.cpp">
      <Filter>Source Files</Filter>
    </ClCompile>
    <ClCompile Include="Detect.cpp">
      <Filter>Source Files</Filter>
    </ClCompile>
  </ItemGroup>
  <ItemGroup>
    <ResourceCompile Include="ImgProcess.rc">
      <Filter>Resource Files</Filter>
    </ResourceCompile>
  </ItemGroup>
</Project>